
Microsoft Visual Studio Solution File, Format Version 12.00
# Visual Studio Version 17
VisualStudioVersion = 17.5.33530.505
MinimumVisualStudioVersion = 10.0.40219.1
Project("{FAE04EC0-301F-11D3-BF4B-00C04F79EFBC}") = "Create Qrcode", "Create Qrcode\Create Qrcode.csproj", "{242622D5-84CF-469A-AB79-00A877ADFBA6}"
EndProject
Global
	GlobalSection(SolutionConfigurationPlatforms) = preSolution
		Debug|Any CPU = Debug|Any CPU
		Release|Any CPU = Release|Any CPU
	EndGlobalSection
	GlobalSection(ProjectConfigurationPlatforms) = postSolution
		{242622D5-84CF-469A-AB79-00A877ADFBA6}.Debug|Any CPU.ActiveCfg = Debug|Any CPU
		{242622D5-84CF-469A-AB79-00A877ADFBA6}.Debug|Any CPU.Build.0 = Debug|Any CPU
		{242622D5-84CF-469A-AB79-00A877ADFBA6}.Release|Any CPU.ActiveCfg = Release|Any CPU
		{242622D5-84CF-469A-AB79-00A877ADFBA6}.Release|Any CPU.Build.0 = Release|Any CPU
	EndGlobalSection
	GlobalSection(SolutionProperties) = preSolution
		HideSolutionNode = FALSE
	EndGlobalSection
	GlobalSection(ExtensibilityGlobals) = postSolution
		SolutionGuid = {FC0FA355-745A-4F2F-8F16-8F64177FADB9}
	EndGlobalSection
EndGlobal
